
Microsoft Visual Studio Solution File, Format Version 12.00
# Visual Studio Version 16
VisualStudioVersion = 16.0.31321.278
MinimumVisualStudioVersion = 10.0.40219.1
Project("{FAE04EC0-301F-11D3-BF4B-00C04F79EFBC}") = "DataStructure3week", "DataStructure3week\DataStructure3week.csproj", "{F40393D5-0AAD-4A33-B00B-D9FE17D88687}"
EndProject
Global
	GlobalSection(SolutionConfigurationPlatforms) = preSolution
		Debug|Any CPU = Debug|Any CPU
		Release|Any CPU = Release|Any CPU
	EndGlobalSection
	GlobalSection(ProjectConfigurationPlatforms) = postSolution
		{F40393D5-0AAD-4A33-B00B-D9FE17D88687}.Debug|Any CPU.ActiveCfg = Debug|Any CPU
		{F40393D5-0AAD-4A33-B00B-D9FE17D88687}.Debug|Any CPU.Build.0 = Debug|Any CPU
		{F40393D5-0AAD-4A33-B00B-D9FE17D88687}.Release|Any CPU.ActiveCfg = Release|Any CPU
		{F40393D5-0AAD-4A33-B00B-D9FE17D88687}.Release|Any CPU.Build.0 = Release|Any CPU
	EndGlobalSection
	GlobalSection(SolutionProperties) = preSolution
		HideSolutionNode = FALSE
	EndGlobalSection
	GlobalSection(ExtensibilityGlobals) = postSolution
		SolutionGuid = {DBDA27D1-E561-4D16-95E6-F6AFC460F970}
	EndGlobalSection
EndGlobal
