
Microsoft Visual Studio Solution File, Format Version 12.00
# Visual Studio Version 16
VisualStudioVersion = 16.0.31321.278
MinimumVisualStudioVersion = 10.0.40219.1
Project("{FAE04EC0-301F-11D3-BF4B-00C04F79EFBC}") = "Datastructure5week", "Datastructure5week\Datastructure5week.csproj", "{D5083401-B5B7-49DC-93C5-401700BC5F4E}"
EndProject
Global
	GlobalSection(SolutionConfigurationPlatforms) = preSolution
		Debug|Any CPU = Debug|Any CPU
		Release|Any CPU = Release|Any CPU
	EndGlobalSection
	GlobalSection(ProjectConfigurationPlatforms) = postSolution
		{D5083401-B5B7-49DC-93C5-401700BC5F4E}.Debug|Any CPU.ActiveCfg = Debug|Any CPU
		{D5083401-B5B7-49DC-93C5-401700BC5F4E}.Debug|Any CPU.Build.0 = Debug|Any CPU
		{D5083401-B5B7-49DC-93C5-401700BC5F4E}.Release|Any CPU.ActiveCfg = Release|Any CPU
		{D5083401-B5B7-49DC-93C5-401700BC5F4E}.Release|Any CPU.Build.0 = Release|Any CPU
	EndGlobalSection
	GlobalSection(SolutionProperties) = preSolution
		HideSolutionNode = FALSE
	EndGlobalSection
	GlobalSection(ExtensibilityGlobals) = postSolution
		SolutionGuid = {10F192EB-3571-40E9-9DE3-CBEF6EF110A5}
	EndGlobalSection
EndGlobal
